#MicroXplorer Configuration settings - do not modify
ADC1.Channel-0\#ChannelRegularConversion=ADC_CHANNEL_2
ADC1.Channel-1\#ChannelRegularConversion=ADC_CHANNEL_5
ADC1.ConversionDataManagement=ADC_CONVERSIONDATA_DMA_CIRCULAR
ADC1.ExternalTrigConv=ADC_EXTERNALTRIG_T8_TRGO
ADC1.IPParameters=Rank-0\#ChannelRegularConversion,Channel-0\#ChannelRegularConversion,SamplingTime-0\#ChannelRegularConversion,OffsetNumber-0\#ChannelRegularConversion,OffsetSignedSaturation-0\#ChannelRegularConversion,NbrOfConversionFlag,master,NbrOfConversion,Rank-1\#ChannelRegularConversion,Channel-1\#ChannelRegularConversion,SamplingTime-1\#ChannelRegularConversion,OffsetNumber-1\#ChannelRegularConversion,OffsetSignedSaturation-1\#ChannelRegularConversion,ConversionDataManagement,OversamplingMode,Ratio,ExternalTrigConv
ADC1.NbrOfConversion=2
ADC1.NbrOfConversionFlag=1
ADC1.OffsetNumber-0\#ChannelRegularConversion=ADC_OFFSET_NONE
ADC1.OffsetNumber-1\#ChannelRegularConversion=ADC_OFFSET_NONE
ADC1.OffsetSignedSaturation-0\#ChannelRegularConversion=DISABLE
ADC1.OffsetSignedSaturation-1\#ChannelRegularConversion=DISABLE
ADC1.OversamplingMode=ENABLE
ADC1.Rank-0\#ChannelRegularConversion=1
ADC1.Rank-1\#ChannelRegularConversion=2
ADC1.Ratio=2
ADC1.SamplingTime-0\#ChannelRegularConversion=ADC_SAMPLETIME_8CYCLES_5
ADC1.SamplingTime-1\#ChannelRegularConversion=ADC_SAMPLETIME_8CYCLES_5
ADC1.master=1
ADC2.Channel-0\#ChannelRegularConversion=ADC_CHANNEL_3
ADC2.Channel-1\#ChannelRegularConversion=ADC_CHANNEL_19
ADC2.ContinuousConvMode=DISABLE
ADC2.ConversionDataManagement=ADC_CONVERSIONDATA_DMA_CIRCULAR
ADC2.ExternalTrigConv=ADC_EXTERNALTRIG_T1_TRGO
ADC2.IPParameters=Rank-0\#ChannelRegularConversion,Channel-0\#ChannelRegularConversion,SamplingTime-0\#ChannelRegularConversion,OffsetNumber-0\#ChannelRegularConversion,OffsetSignedSaturation-0\#ChannelRegularConversion,NbrOfConversionFlag,Rank-1\#ChannelRegularConversion,Channel-1\#ChannelRegularConversion,SamplingTime-1\#ChannelRegularConversion,OffsetNumber-1\#ChannelRegularConversion,OffsetSignedSaturation-1\#ChannelRegularConversion,NbrOfConversion,ContinuousConvMode,ConversionDataManagement,OversamplingMode,Ratio,ExternalTrigConv
ADC2.NbrOfConversion=2
ADC2.NbrOfConversionFlag=1
ADC2.OffsetNumber-0\#ChannelRegularConversion=ADC_OFFSET_NONE
ADC2.OffsetNumber-1\#ChannelRegularConversion=ADC_OFFSET_NONE
ADC2.OffsetSignedSaturation-0\#ChannelRegularConversion=DISABLE
ADC2.OffsetSignedSaturation-1\#ChannelRegularConversion=DISABLE
ADC2.OversamplingMode=ENABLE
ADC2.Rank-0\#ChannelRegularConversion=1
ADC2.Rank-1\#ChannelRegularConversion=2
ADC2.Ratio=2
ADC2.SamplingTime-0\#ChannelRegularConversion=ADC_SAMPLETIME_8CYCLES_5
ADC2.SamplingTime-1\#ChannelRegularConversion=ADC_SAMPLETIME_8CYCLES_5
ADC3.Channel-3\#ChannelRegularConversion=ADC_CHANNEL_9
ADC3.Channel-4\#ChannelRegularConversion=ADC_CHANNEL_11
ADC3.ContinuousConvMode=ENABLE
ADC3.ConversionDataManagement=ADC_CONVERSIONDATA_DMA_CIRCULAR
ADC3.DMAContinuousRequests=ENABLE
ADC3.EOCSelection=ADC_EOC_SEQ_CONV
ADC3.IPParameters=Rank-3\#ChannelRegularConversion,Channel-3\#ChannelRegularConversion,SamplingTime-3\#ChannelRegularConversion,OffsetNumber-3\#ChannelRegularConversion,OffsetSign-3\#ChannelRegularConversion,NbrOfConversionFlag,Rank-4\#ChannelRegularConversion,Channel-4\#ChannelRegularConversion,SamplingTime-4\#ChannelRegularConversion,OffsetNumber-4\#ChannelRegularConversion,OffsetSign-4\#ChannelRegularConversion,NbrOfConversion,ContinuousConvMode,ConversionDataManagement,DMAContinuousRequests,EOCSelection
ADC3.NbrOfConversion=2
ADC3.NbrOfConversionFlag=1
ADC3.OffsetNumber-3\#ChannelRegularConversion=ADC_OFFSET_NONE
ADC3.OffsetNumber-4\#ChannelRegularConversion=ADC_OFFSET_NONE
ADC3.OffsetSign-3\#ChannelRegularConversion=ADC3_OFFSET_SIGN_NEGATIVE
ADC3.OffsetSign-4\#ChannelRegularConversion=ADC3_OFFSET_SIGN_NEGATIVE
ADC3.Rank-3\#ChannelRegularConversion=1
ADC3.Rank-4\#ChannelRegularConversion=2
ADC3.SamplingTime-3\#ChannelRegularConversion=ADC3_SAMPLETIME_92CYCLES_5
ADC3.SamplingTime-4\#ChannelRegularConversion=ADC3_SAMPLETIME_92CYCLES_5
CAD.formats=
CAD.pinconfig=
CAD.provider=
CORTEX_M7.IPParameters=default_mode_Activation
CORTEX_M7.default_mode_Activation=1
Dma.ADC1.3.Direction=DMA_PERIPH_TO_MEMORY
Dma.ADC1.3.EventEnable=DISABLE
Dma.ADC1.3.FIFOMode=DMA_FIFOMODE_DISABLE
Dma.ADC1.3.Instance=DMA1_Stream3
Dma.ADC1.3.MemDataAlignment=DMA_MDATAALIGN_HALFWORD
Dma.ADC1.3.MemInc=DMA_MINC_ENABLE
Dma.ADC1.3.Mode=DMA_CIRCULAR
Dma.ADC1.3.PeriphDataAlignment=DMA_PDATAALIGN_HALFWORD
Dma.ADC1.3.PeriphInc=DMA_PINC_DISABLE
Dma.ADC1.3.Polarity=HAL_DMAMUX_REQ_GEN_RISING
Dma.ADC1.3.Priority=DMA_PRIORITY_LOW
Dma.ADC1.3.RequestNumber=1
Dma.ADC1.3.RequestParameters=Instance,Direction,PeriphInc,MemInc,PeriphDataAlignment,MemDataAlignment,Mode,Priority,FIFOMode,SignalID,Polarity,RequestNumber,SyncSignalID,SyncPolarity,SyncEnable,EventEnable,SyncRequestNumber
Dma.ADC1.3.SignalID=NONE
Dma.ADC1.3.SyncEnable=DISABLE
Dma.ADC1.3.SyncPolarity=HAL_DMAMUX_SYNC_NO_EVENT
Dma.ADC1.3.SyncRequestNumber=1
Dma.ADC1.3.SyncSignalID=NONE
Dma.ADC2.1.Direction=DMA_PERIPH_TO_MEMORY
Dma.ADC2.1.EventEnable=DISABLE
Dma.ADC2.1.FIFOMode=DMA_FIFOMODE_DISABLE
Dma.ADC2.1.Instance=DMA1_Stream1
Dma.ADC2.1.MemDataAlignment=DMA_MDATAALIGN_HALFWORD
Dma.ADC2.1.MemInc=DMA_MINC_ENABLE
Dma.ADC2.1.Mode=DMA_CIRCULAR
Dma.ADC2.1.PeriphDataAlignment=DMA_PDATAALIGN_HALFWORD
Dma.ADC2.1.PeriphInc=DMA_PINC_DISABLE
Dma.ADC2.1.Polarity=HAL_DMAMUX_REQ_GEN_RISING
Dma.ADC2.1.Priority=DMA_PRIORITY_LOW
Dma.ADC2.1.RequestNumber=1
Dma.ADC2.1.RequestParameters=Instance,Direction,PeriphInc,MemInc,PeriphDataAlignment,MemDataAlignment,Mode,Priority,FIFOMode,SignalID,Polarity,RequestNumber,SyncSignalID,SyncPolarity,SyncEnable,EventEnable,SyncRequestNumber
Dma.ADC2.1.SignalID=NONE
Dma.ADC2.1.SyncEnable=DISABLE
Dma.ADC2.1.SyncPolarity=HAL_DMAMUX_SYNC_NO_EVENT
Dma.ADC2.1.SyncRequestNumber=1
Dma.ADC2.1.SyncSignalID=NONE
Dma.ADC3.0.Direction=DMA_PERIPH_TO_MEMORY
Dma.ADC3.0.EventEnable=DISABLE
Dma.ADC3.0.FIFOMode=DMA_FIFOMODE_DISABLE
Dma.ADC3.0.Instance=DMA1_Stream2
Dma.ADC3.0.MemDataAlignment=DMA_MDATAALIGN_HALFWORD
Dma.ADC3.0.MemInc=DMA_MINC_ENABLE
Dma.ADC3.0.Mode=DMA_CIRCULAR
Dma.ADC3.0.PeriphDataAlignment=DMA_PDATAALIGN_HALFWORD
Dma.ADC3.0.PeriphInc=DMA_PINC_DISABLE
Dma.ADC3.0.Polarity=HAL_DMAMUX_REQ_GEN_RISING
Dma.ADC3.0.Priority=DMA_PRIORITY_LOW
Dma.ADC3.0.RequestNumber=1
Dma.ADC3.0.RequestParameters=Instance,Direction,PeriphInc,MemInc,PeriphDataAlignment,MemDataAlignment,Mode,Priority,FIFOMode,SignalID,Polarity,RequestNumber,SyncSignalID,SyncPolarity,SyncEnable,EventEnable,SyncRequestNumber
Dma.ADC3.0.SignalID=NONE
Dma.ADC3.0.SyncEnable=DISABLE
Dma.ADC3.0.SyncPolarity=HAL_DMAMUX_SYNC_NO_EVENT
Dma.ADC3.0.SyncRequestNumber=1
Dma.ADC3.0.SyncSignalID=NONE
Dma.Request0=ADC3
Dma.Request1=ADC2
Dma.Request2=USART1_RX
Dma.Request3=ADC1
Dma.RequestsNb=4
Dma.USART1_RX.2.Direction=DMA_PERIPH_TO_MEMORY
Dma.USART1_RX.2.EventEnable=DISABLE
Dma.USART1_RX.2.FIFOMode=DMA_FIFOMODE_DISABLE
Dma.USART1_RX.2.Instance=DMA1_Stream0
Dma.USART1_RX.2.MemDataAlignment=DMA_MDATAALIGN_BYTE
Dma.USART1_RX.2.MemInc=DMA_MINC_ENABLE
Dma.USART1_RX.2.Mode=DMA_NORMAL
Dma.USART1_RX.2.PeriphDataAlignment=DMA_PDATAALIGN_BYTE
Dma.USART1_RX.2.PeriphInc=DMA_PINC_DISABLE
Dma.USART1_RX.2.Polarity=HAL_DMAMUX_REQ_GEN_RISING
Dma.USART1_RX.2.Priority=DMA_PRIORITY_LOW
Dma.USART1_RX.2.RequestNumber=1
Dma.USART1_RX.2.RequestParameters=Instance,Direction,PeriphInc,MemInc,PeriphDataAlignment,MemDataAlignment,Mode,Priority,FIFOMode,SignalID,Polarity,RequestNumber,SyncSignalID,SyncPolarity,SyncEnable,EventEnable,SyncRequestNumber
Dma.USART1_RX.2.SignalID=NONE
Dma.USART1_RX.2.SyncEnable=DISABLE
Dma.USART1_RX.2.SyncPolarity=HAL_DMAMUX_SYNC_NO_EVENT
Dma.USART1_RX.2.SyncRequestNumber=1
Dma.USART1_RX.2.SyncSignalID=NONE
File.Version=6
GPIO.groupedBy=Group By Peripherals
KeepUserPlacement=false
MMTAppRegionsCount=0
MMTConfigApplied=false
MMTSectionSuffix=
Mcu.CPN=STM32H723ZGT6
Mcu.Family=STM32H7
Mcu.IP0=ADC1
Mcu.IP1=ADC2
Mcu.IP10=TIM1
Mcu.IP11=TIM2
Mcu.IP12=TIM3
Mcu.IP13=TIM5
Mcu.IP14=TIM8
Mcu.IP15=USART1
Mcu.IP16=USART2
Mcu.IP17=USART3
Mcu.IP18=USART6
Mcu.IP2=ADC3
Mcu.IP3=CORTEX_M7
Mcu.IP4=DEBUG
Mcu.IP5=DMA
Mcu.IP6=MEMORYMAP
Mcu.IP7=NVIC
Mcu.IP8=RCC
Mcu.IP9=SYS
Mcu.IPNb=19
Mcu.Name=STM32H723ZGTx
Mcu.Package=LQFP144
Mcu.Pin0=PF0
Mcu.Pin1=PF1
Mcu.Pin10=PA5
Mcu.Pin11=PA6
Mcu.Pin12=PA7
Mcu.Pin13=PC4
Mcu.Pin14=PC5
Mcu.Pin15=PB0
Mcu.Pin16=PB1
Mcu.Pin17=PB2
Mcu.Pin18=PF11
Mcu.Pin19=PG1
Mcu.Pin2=PF4
Mcu.Pin20=PE9
Mcu.Pin21=PE11
Mcu.Pin22=PE13
Mcu.Pin23=PB10
Mcu.Pin24=PB11
Mcu.Pin25=PB14
Mcu.Pin26=PB15
Mcu.Pin27=PG2
Mcu.Pin28=PG3
Mcu.Pin29=PG4
Mcu.Pin3=PH0-OSC_IN
Mcu.Pin30=PG5
Mcu.Pin31=PG7
Mcu.Pin32=PC6
Mcu.Pin33=PC7
Mcu.Pin34=PC8
Mcu.Pin35=PA13(JTMS/SWDIO)
Mcu.Pin36=PA14(JTCK/SWCLK)
Mcu.Pin37=PA15(JTDI)
Mcu.Pin38=PC10
Mcu.Pin39=PG9
Mcu.Pin4=PH1-OSC_OUT
Mcu.Pin40=PG14
Mcu.Pin41=VP_SYS_VS_Systick
Mcu.Pin42=VP_TIM1_VS_ClockSourceINT
Mcu.Pin43=VP_TIM1_VS_no_output4
Mcu.Pin44=VP_TIM2_VS_ClockSourceINT
Mcu.Pin45=VP_TIM3_VS_ClockSourceINT
Mcu.Pin46=VP_TIM5_VS_ClockSourceINT
Mcu.Pin47=VP_TIM8_VS_ClockSourceINT
Mcu.Pin48=VP_TIM8_VS_no_output4
Mcu.Pin49=VP_MEMORYMAP_VS_MEMORYMAP
Mcu.Pin5=PC1
Mcu.Pin6=PA0
Mcu.Pin7=PA1
Mcu.Pin8=PA2
Mcu.Pin9=PA3
Mcu.PinsNb=50
Mcu.ThirdPartyNb=0
Mcu.UserConstants=
Mcu.UserName=STM32H723ZGTx
MxCube.Version=6.16.1
MxDb.Version=DB.6.0.161
NVIC.BusFault_IRQn=true\:0\:0\:false\:false\:true\:false\:false\:false
NVIC.DMA1_Stream0_IRQn=true\:1\:0\:true\:false\:true\:true\:true\:true
NVIC.DebugMonitor_IRQn=true\:0\:0\:false\:false\:true\:false\:false\:false
NVIC.EXTI2_IRQn=true\:0\:0\:false\:false\:true\:true\:true\:true
NVIC.EXTI3_IRQn=true\:0\:0\:false\:false\:true\:true\:true\:true
NVIC.EXTI4_IRQn=true\:0\:0\:false\:false\:true\:true\:true\:true
NVIC.EXTI9_5_IRQn=true\:0\:0\:false\:false\:true\:true\:true\:true
NVIC.ForceEnableDMAVector=false
NVIC.HardFault_IRQn=true\:0\:0\:false\:false\:true\:false\:false\:false
NVIC.MemoryManagement_IRQn=true\:0\:0\:false\:false\:true\:false\:false\:false
NVIC.NonMaskableInt_IRQn=true\:0\:0\:false\:false\:true\:false\:false\:false
NVIC.PendSV_IRQn=true\:0\:0\:false\:false\:true\:false\:false\:false
NVIC.PriorityGroup=NVIC_PRIORITYGROUP_4
NVIC.SVCall_IRQn=true\:0\:0\:false\:false\:true\:false\:false\:false
NVIC.SysTick_IRQn=true\:15\:0\:false\:false\:true\:false\:true\:false
NVIC.TIM1_UP_IRQn=true\:0\:0\:false\:false\:true\:true\:true\:true
NVIC.TIM2_IRQn=true\:0\:0\:false\:false\:true\:true\:true\:true
NVIC.TIM3_IRQn=true\:0\:0\:false\:false\:true\:true\:true\:true
NVIC.TIM5_IRQn=true\:0\:0\:false\:false\:true\:true\:true\:true
NVIC.TIM8_UP_TIM13_IRQn=true\:0\:0\:false\:false\:true\:true\:true\:true
NVIC.USART1_IRQn=true\:1\:0\:true\:false\:true\:true\:true\:true
NVIC.USART2_IRQn=true\:0\:0\:false\:false\:true\:true\:true\:true
NVIC.USART3_IRQn=true\:0\:0\:false\:false\:true\:true\:true\:true
NVIC.USART6_IRQn=true\:0\:0\:false\:false\:true\:true\:true\:true
NVIC.UsageFault_IRQn=true\:0\:0\:false\:false\:true\:false\:false\:false
PA0.Signal=S_TIM5_CH1
PA1.GPIOParameters=GPIO_Label
PA1.GPIO_Label=EN2OUT
PA1.Locked=true
PA1.Signal=GPIO_Output
PA13(JTMS/SWDIO).Mode=Serial_Wire
PA13(JTMS/SWDIO).Signal=DEBUG_JTMS-SWDIO
PA14(JTCK/SWCLK).Mode=Serial_Wire
PA14(JTCK/SWCLK).Signal=DEBUG_JTCK-SWCLK
PA15(JTDI).Signal=S_TIM2_CH1_ETR
PA2.Mode=Asynchronous
PA2.Signal=USART2_TX
PA3.Mode=Asynchronous
PA3.Signal=USART2_RX
PA5.Signal=ADCx_INP19
PA6.Signal=ADCx_INP3
PA7.GPIOParameters=GPIO_Label
PA7.GPIO_Label=DIR2OUT
PA7.Locked=true
PA7.Signal=GPIO_Output
PB0.GPIOParameters=GPIO_Label
PB0.GPIO_Label=BM_ENA
PB0.Locked=true
PB0.Signal=GPIO_Output
PB1.Signal=ADCx_INP5
PB10.Mode=Asynchronous
PB10.Signal=USART3_TX
PB11.Mode=Asynchronous
PB11.Signal=USART3_RX
PB14.Mode=Asynchronous
PB14.Signal=USART1_TX
PB15.Locked=true
PB15.Mode=Asynchronous
PB15.Signal=USART1_RX
PB2.GPIOParameters=GPIO_Speed,GPIO_PuPd,GPIO_Label,GPIO_ModeDefaultOutputPP
PB2.GPIO_Label=MPU_IIC_SDA
PB2.GPIO_ModeDefaultOutputPP=GPIO_MODE_OUTPUT_OD
PB2.GPIO_PuPd=GPIO_PULLUP
PB2.GPIO_Speed=GPIO_SPEED_FREQ_HIGH
PB2.Locked=true
PB2.Signal=GPIO_Output
PC1.Signal=ADCx_INP11
PC10.GPIOParameters=GPIO_Label
PC10.GPIO_Label=EN1OUT
PC10.Locked=true
PC10.Signal=GPIO_Output
PC4.GPIOParameters=GPIO_Label
PC4.GPIO_Label=DIR1OUT
PC4.Locked=true
PC4.Signal=GPIO_Output
PC5.GPIOParameters=GPIO_Label
PC5.GPIO_Label=BM_ENB
PC5.Locked=true
PC5.Signal=GPIO_Output
PC6.Signal=S_TIM8_CH1
PC7.Signal=S_TIM8_CH2
PC8.Signal=S_TIM8_CH3
PE11.Signal=S_TIM1_CH2
PE13.Signal=S_TIM1_CH3
PE9.Signal=S_TIM1_CH1
PF0.GPIOParameters=GPIO_Speed,GPIO_PuPd,GPIO_Label,GPIO_ModeDefaultOutputPP
PF0.GPIO_Label=OLED_SDA
PF0.GPIO_ModeDefaultOutputPP=GPIO_MODE_OUTPUT_OD
PF0.GPIO_PuPd=GPIO_PULLUP
PF0.GPIO_Speed=GPIO_SPEED_FREQ_HIGH
PF0.Locked=true
PF0.Signal=GPIO_Output
PF1.GPIOParameters=GPIO_Speed,GPIO_PuPd,GPIO_Label,GPIO_ModeDefaultOutputPP
PF1.GPIO_Label=OLED_SCL
PF1.GPIO_ModeDefaultOutputPP=GPIO_MODE_OUTPUT_OD
PF1.GPIO_PuPd=GPIO_PULLUP
PF1.GPIO_Speed=GPIO_SPEED_FREQ_HIGH
PF1.Locked=true
PF1.Signal=GPIO_Output
PF11.Mode=IN2-Single-Ended
PF11.Signal=ADC1_INP2
PF4.Mode=IN9-Single-Ended
PF4.Signal=ADC3_INP9
PG1.GPIOParameters=GPIO_Label
PG1.GPIO_Label=MPU_IIC_SCL
PG1.Locked=true
PG1.Signal=GPIO_Output
PG14.Mode=Asynchronous
PG14.Signal=USART6_TX
PG2.GPIOParameters=GPIO_PuPd,GPIO_Label,GPIO_ModeDefaultEXTI
PG2.GPIO_Label=tank_front_full
PG2.GPIO_ModeDefaultEXTI=GPIO_MODE_IT_FALLING
PG2.GPIO_PuPd=GPIO_PULLUP
PG2.Locked=true
PG2.Signal=GPXTI2
PG3.GPIOParameters=GPIO_PuPd,GPIO_Label,GPIO_ModeDefaultEXTI
PG3.GPIO_Label=tank_front_empty
PG3.GPIO_ModeDefaultEXTI=GPIO_MODE_IT_FALLING
PG3.GPIO_PuPd=GPIO_PULLUP
PG3.Locked=true
PG3.Signal=GPXTI3
PG4.GPIOParameters=GPIO_PuPd,GPIO_Label,GPIO_ModeDefaultEXTI
PG4.GPIO_Label=tank_rear_full
PG4.GPIO_ModeDefaultEXTI=GPIO_MODE_IT_FALLING
PG4.GPIO_PuPd=GPIO_PULLUP
PG4.Locked=true
PG4.Signal=GPXTI4
PG5.GPIOParameters=GPIO_PuPd,GPIO_Label,GPIO_ModeDefaultEXTI
PG5.GPIO_Label=tank_rear_empty
PG5.GPIO_ModeDefaultEXTI=GPIO_MODE_IT_FALLING
PG5.GPIO_PuPd=GPIO_PULLUP
PG5.Locked=true
PG5.Signal=GPXTI5
PG7.GPIOParameters=GPIO_Label
PG7.GPIO_Label=LED
PG7.Locked=true
PG7.Signal=GPIO_Output
PG9.Mode=Asynchronous
PG9.Signal=USART6_RX
PH0-OSC_IN.Mode=HSE-External-Oscillator
PH0-OSC_IN.Signal=RCC_OSC_IN
PH1-OSC_OUT.Mode=HSE-External-Oscillator
PH1-OSC_OUT.Signal=RCC_OSC_OUT
PinOutPanel.RotationAngle=0
ProjectManager.AskForMigrate=true
ProjectManager.BackupPrevious=false
ProjectManager.CompilerLinker=GCC
ProjectManager.CompilerOptimize=6
ProjectManager.ComputerToolchain=false
ProjectManager.CoupleFile=true
ProjectManager.CustomerFirmwarePackage=
ProjectManager.DefaultFWLocation=true
ProjectManager.DeletePrevious=true
ProjectManager.DeviceId=STM32H723ZGTx
ProjectManager.FirmwarePackage=STM32Cube FW_H7 V1.12.1
ProjectManager.FreePins=false
ProjectManager.FreePinsContext=
ProjectManager.HalAssertFull=false
ProjectManager.HeapSize=0x200
ProjectManager.KeepUserCode=true
ProjectManager.LastFirmware=true
ProjectManager.LibraryCopy=1
ProjectManager.MainLocation=Core/Src
ProjectManager.NoMain=false
ProjectManager.PreviousToolchain=
ProjectManager.ProjectBuild=false
ProjectManager.ProjectFileName=Project.ioc
ProjectManager.ProjectName=Project
ProjectManager.ProjectStructure=
ProjectManager.RegisterCallBack=
ProjectManager.StackSize=0x400
ProjectManager.TargetToolchain=MDK-ARM V5.32
ProjectManager.ToolChainLocation=
ProjectManager.UAScriptAfterPath=
ProjectManager.UAScriptBeforePath=
ProjectManager.UnderRoot=false
ProjectManager.functionlistsort=1-SystemClock_Config-RCC-false-HAL-false,2-MX_GPIO_Init-GPIO-false-HAL-true,3-MX_DMA_Init-DMA-false-HAL-true,4-MX_TIM2_Init-TIM2-false-HAL-true,5-MX_TIM5_Init-TIM5-false-HAL-true,6-MX_ADC3_Init-ADC3-false-HAL-true,7-MX_ADC2_Init-ADC2-false-HAL-true,8-MX_TIM1_Init-TIM1-false-HAL-true,9-MX_TIM3_Init-TIM3-false-HAL-true,10-MX_USART1_UART_Init-USART1-false-HAL-true,11-MX_USART3_UART_Init-USART3-false-HAL-true,12-MX_USART2_UART_Init-USART2-false-HAL-true,13-MX_ADC1_Init-ADC1-false-HAL-true,14-MX_TIM8_Init-TIM8-false-HAL-true,15-MX_USART6_UART_Init-USART6-false-HAL-true,0-MX_CORTEX_M7_Init-CORTEX_M7-false-HAL-true
RCC.ADCFreq_Value=129000000
RCC.AHB12Freq_Value=275000000
RCC.AHB4Freq_Value=275000000
RCC.APB1Freq_Value=137500000
RCC.APB2Freq_Value=137500000
RCC.APB3Freq_Value=137500000
RCC.APB4Freq_Value=137500000
RCC.AXIClockFreq_Value=275000000
RCC.CECFreq_Value=32000
RCC.CKPERFreq_Value=64000000
RCC.CortexFreq_Value=550000000
RCC.CpuClockFreq_Value=550000000
RCC.D1CPREFreq_Value=550000000
RCC.D1PPRE=RCC_APB3_DIV2
RCC.D2PPRE1=RCC_APB1_DIV2
RCC.D2PPRE2=RCC_APB2_DIV2
RCC.D3PPRE=RCC_APB4_DIV2
RCC.DFSDMACLkFreq_Value=275000000
RCC.DFSDMFreq_Value=137500000
RCC.DIVM1=4
RCC.DIVN1=34
RCC.DIVP1=1
RCC.DIVP1Freq_Value=550000000
RCC.DIVP2Freq_Value=129000000
RCC.DIVP3Freq_Value=129000000
RCC.DIVQ1Freq_Value=275000000
RCC.DIVQ2Freq_Value=129000000
RCC.DIVQ3Freq_Value=129000000
RCC.DIVR1Freq_Value=275000000
RCC.DIVR2Freq_Value=129000000
RCC.DIVR3Freq_Value=129000000
RCC.FDCANFreq_Value=275000000
RCC.FMCFreq_Value=275000000
RCC.FamilyName=M
RCC.HCLK3ClockFreq_Value=275000000
RCC.HCLKFreq_Value=275000000
RCC.HPRE=RCC_HCLK_DIV2
RCC.I2C123Freq_Value=137500000
RCC.I2C4Freq_Value=137500000
RCC.IPParameters=ADCFreq_Value,AHB12Freq_Value,AHB4Freq_Value,APB1Freq_Value,APB2Freq_Value,APB3Freq_Value,APB4Freq_Value,AXIClockFreq_Value,CECFreq_Value,CKPERFreq_Value,CortexFreq_Value,CpuClockFreq_Value,D1CPREFreq_Value,D1PPRE,D2PPRE1,D2PPRE2,D3PPRE,DFSDMACLkFreq_Value,DFSDMFreq_Value,DIVM1,DIVN1,DIVP1,DIVP1Freq_Value,DIVP2Freq_Value,DIVP3Freq_Value,DIVQ1Freq_Value,DIVQ2Freq_Value,DIVQ3Freq_Value,DIVR1Freq_Value,DIVR2Freq_Value,DIVR3Freq_Value,FDCANFreq_Value,FMCFreq_Value,FamilyName,HCLK3ClockFreq_Value,HCLKFreq_Value,HPRE,I2C123Freq_Value,I2C4Freq_Value,LPTIM1Freq_Value,LPTIM2Freq_Value,LPTIM345Freq_Value,LPUART1Freq_Value,LTDCFreq_Value,MCO1PinFreq_Value,MCO2PinFreq_Value,PLL2FRACN,PLL3FRACN,PLLFRACN,QSPIFreq_Value,RNGFreq_Value,RTCFreq_Value,SAI1Freq_Value,SAI4AFreq_Value,SAI4BFreq_Value,SDMMCFreq_Value,SPDIFRXFreq_Value,SPI123Freq_Value,SPI45Freq_Value,SPI6Freq_Value,SWPMI1Freq_Value,SYSCLKFreq_VALUE,SYSCLKSource,Tim1OutputFreq_Value,Tim2OutputFreq_Value,TraceFreq_Value,USART16Freq_Value,USART234578Freq_Value,USBFreq_Value,VCO1OutputFreq_Value,VCO2OutputFreq_Value,VCO3OutputFreq_Value,VCOInput1Freq_Value,VCOInput2Freq_Value,VCOInput3Freq_Value
RCC.LPTIM1Freq_Value=137500000
RCC.LPTIM2Freq_Value=137500000
RCC.LPTIM345Freq_Value=137500000
RCC.LPUART1Freq_Value=137500000
RCC.LTDCFreq_Value=129000000
RCC.MCO1PinFreq_Value=64000000
RCC.MCO2PinFreq_Value=550000000
RCC.PLL2FRACN=0
RCC.PLL3FRACN=0
RCC.PLLFRACN=3072
RCC.QSPIFreq_Value=275000000
RCC.RNGFreq_Value=48000000
RCC.RTCFreq_Value=32000
RCC.SAI1Freq_Value=275000000
RCC.SAI4AFreq_Value=275000000
RCC.SAI4BFreq_Value=275000000
RCC.SDMMCFreq_Value=275000000
RCC.SPDIFRXFreq_Value=275000000
RCC.SPI123Freq_Value=275000000
RCC.SPI45Freq_Value=137500000
RCC.SPI6Freq_Value=137500000
RCC.SWPMI1Freq_Value=137500000
RCC.SYSCLKFreq_VALUE=550000000
RCC.SYSCLKSource=RCC_SYSCLKSOURCE_PLLCLK
RCC.Tim1OutputFreq_Value=275000000
RCC.Tim2OutputFreq_Value=275000000
RCC.TraceFreq_Value=275000000
RCC.USART16Freq_Value=137500000
RCC.USART234578Freq_Value=137500000
RCC.USBFreq_Value=275000000
RCC.VCO1OutputFreq_Value=550000000
RCC.VCO2OutputFreq_Value=258000000
RCC.VCO3OutputFreq_Value=258000000
RCC.VCOInput1Freq_Value=16000000
RCC.VCOInput2Freq_Value=2000000
RCC.VCOInput3Freq_Value=2000000
SH.ADCx_INP11.0=ADC3_INP11,IN11-Single-Ended
SH.ADCx_INP11.ConfNb=1
SH.ADCx_INP19.0=ADC2_INP19,IN19-Single-Ended
SH.ADCx_INP19.ConfNb=1
SH.ADCx_INP3.0=ADC2_INP3,IN3-Single-Ended
SH.ADCx_INP3.ConfNb=1
SH.ADCx_INP5.0=ADC1_INP5,IN5-Single-Ended
SH.ADCx_INP5.ConfNb=1
SH.GPXTI2.0=GPIO_EXTI2
SH.GPXTI2.ConfNb=1
SH.GPXTI3.0=GPIO_EXTI3
SH.GPXTI3.ConfNb=1
SH.GPXTI4.0=GPIO_EXTI4
SH.GPXTI4.ConfNb=1
SH.GPXTI5.0=GPIO_EXTI5
SH.GPXTI5.ConfNb=1
SH.S_TIM1_CH1.0=TIM1_CH1,PWM Generation1 CH1
SH.S_TIM1_CH1.ConfNb=1
SH.S_TIM1_CH2.0=TIM1_CH2,PWM Generation2 CH2
SH.S_TIM1_CH2.ConfNb=1
SH.S_TIM1_CH3.0=TIM1_CH3,PWM Generation3 CH3
SH.S_TIM1_CH3.ConfNb=1
SH.S_TIM2_CH1_ETR.0=TIM2_CH1,PWM Generation1 CH1
SH.S_TIM2_CH1_ETR.ConfNb=1
SH.S_TIM5_CH1.0=TIM5_CH1,PWM Generation1 CH1
SH.S_TIM5_CH1.ConfNb=1
SH.S_TIM8_CH1.0=TIM8_CH1,PWM Generation1 CH1
SH.S_TIM8_CH1.ConfNb=1
SH.S_TIM8_CH2.0=TIM8_CH2,PWM Generation2 CH2
SH.S_TIM8_CH2.ConfNb=1
SH.S_TIM8_CH3.0=TIM8_CH3,PWM Generation3 CH3
SH.S_TIM8_CH3.ConfNb=1
TIM1.AutoReloadPreload=TIM_AUTORELOAD_PRELOAD_ENABLE
TIM1.Channel-PWM\ Generation1\ CH1=TIM_CHANNEL_1
TIM1.Channel-PWM\ Generation2\ CH2=TIM_CHANNEL_2
TIM1.Channel-PWM\ Generation3\ CH3=TIM_CHANNEL_3
TIM1.Channel-PWM\ Generation4\ No\ Output=TIM_CHANNEL_4
TIM1.CounterMode=TIM_COUNTERMODE_CENTERALIGNED1
TIM1.IPParameters=Channel-PWM Generation1 CH1,Channel-PWM Generation2 CH2,Channel-PWM Generation3 CH3,CounterMode,Period,RepetitionCounter,AutoReloadPreload,TIM_MasterOutputTrigger,LockLevel,OCMode_PWM-PWM Generation1 CH1,Pulse-PWM Generation1 CH1,OCMode_PWM-PWM Generation2 CH2,OCMode_PWM-PWM Generation3 CH3,Pulse-PWM Generation2 CH2,Channel-PWM Generation4 No Output,Pulse-PWM Generation3 CH3,Pulse-PWM Generation4 No Output
TIM1.LockLevel=TIM_LOCKLEVEL_1
TIM1.OCMode_PWM-PWM\ Generation1\ CH1=TIM_OCMODE_PWM2
TIM1.OCMode_PWM-PWM\ Generation2\ CH2=TIM_OCMODE_PWM2
TIM1.OCMode_PWM-PWM\ Generation3\ CH3=TIM_OCMODE_PWM2
TIM1.Period=8088 - 1
TIM1.Pulse-PWM\ Generation1\ CH1=4044 - 1
TIM1.Pulse-PWM\ Generation2\ CH2=4044 - 1
TIM1.Pulse-PWM\ Generation3\ CH3=4044 - 1
TIM1.Pulse-PWM\ Generation4\ No\ Output=8080 - 1
TIM1.RepetitionCounter=1
TIM1.TIM_MasterOutputTrigger=TIM_TRGO_UPDATE
TIM2.Channel-PWM\ Generation1\ CH1=TIM_CHANNEL_1
TIM2.IPParameters=Period,Channel-PWM Generation1 CH1,Pulse-PWM Generation1 CH1
TIM2.Period=274999
TIM2.Pulse-PWM\ Generation1\ CH1=137500
TIM3.IPParameters=Prescaler,Period
TIM3.Period=9999
TIM3.Prescaler=274
TIM5.Channel-PWM\ Generation1\ CH1=TIM_CHANNEL_1
TIM5.IPParameters=Channel-PWM Generation1 CH1,Period
TIM5.Period=274999
TIM8.AutoReloadPreload=TIM_AUTORELOAD_PRELOAD_ENABLE
TIM8.Channel-PWM\ Generation1\ CH1=TIM_CHANNEL_1
TIM8.Channel-PWM\ Generation2\ CH2=TIM_CHANNEL_2
TIM8.Channel-PWM\ Generation3\ CH3=TIM_CHANNEL_3
TIM8.Channel-PWM\ Generation4\ No\ Output=TIM_CHANNEL_4
TIM8.CounterMode=TIM_COUNTERMODE_CENTERALIGNED1
TIM8.IPParameters=Channel-PWM Generation1 CH1,Channel-PWM Generation2 CH2,Channel-PWM Generation4 No Output,Channel-PWM Generation3 CH3,CounterMode,Period,RepetitionCounter,AutoReloadPreload,TIM_MasterOutputTrigger,OCMode_PWM-PWM Generation1 CH1,Pulse-PWM Generation1 CH1,OCMode_PWM-PWM Generation2 CH2,Pulse-PWM Generation2 CH2,OCMode_PWM-PWM Generation3 CH3,Pulse-PWM Generation3 CH3,Pulse-PWM Generation4 No Output
TIM8.OCMode_PWM-PWM\ Generation1\ CH1=TIM_OCMODE_PWM2
TIM8.OCMode_PWM-PWM\ Generation2\ CH2=TIM_OCMODE_PWM2
TIM8.OCMode_PWM-PWM\ Generation3\ CH3=TIM_OCMODE_PWM2
TIM8.Period=8088 - 1
TIM8.Pulse-PWM\ Generation1\ CH1=4044 - 1
TIM8.Pulse-PWM\ Generation2\ CH2=4044 - 1
TIM8.Pulse-PWM\ Generation3\ CH3=4044 - 1
TIM8.Pulse-PWM\ Generation4\ No\ Output=8080 - 1
TIM8.RepetitionCounter=1
TIM8.TIM_MasterOutputTrigger=TIM_TRGO_UPDATE
USART1.BaudRate=9600
USART1.IPParameters=VirtualMode-Asynchronous,BaudRate
USART1.VirtualMode-Asynchronous=VM_ASYNC
USART2.IPParameters=VirtualMode-Asynchronous
USART2.VirtualMode-Asynchronous=VM_ASYNC
USART3.IPParameters=VirtualMode-Asynchronous
USART3.VirtualMode-Asynchronous=VM_ASYNC
USART6.IPParameters=VirtualMode-Asynchronous
USART6.VirtualMode-Asynchronous=VM_ASYNC
VP_MEMORYMAP_VS_MEMORYMAP.Mode=CurAppReg
VP_MEMORYMAP_VS_MEMORYMAP.Signal=MEMORYMAP_VS_MEMORYMAP
VP_SYS_VS_Systick.Mode=SysTick
VP_SYS_VS_Systick.Signal=SYS_VS_Systick
VP_TIM1_VS_ClockSourceINT.Mode=Internal
VP_TIM1_VS_ClockSourceINT.Signal=TIM1_VS_ClockSourceINT
VP_TIM1_VS_no_output4.Mode=PWM Generation4 No Output
VP_TIM1_VS_no_output4.Signal=TIM1_VS_no_output4
VP_TIM2_VS_ClockSourceINT.Mode=Internal
VP_TIM2_VS_ClockSourceINT.Signal=TIM2_VS_ClockSourceINT
VP_TIM3_VS_ClockSourceINT.Mode=Internal
VP_TIM3_VS_ClockSourceINT.Signal=TIM3_VS_ClockSourceINT
VP_TIM5_VS_ClockSourceINT.Mode=Internal
VP_TIM5_VS_ClockSourceINT.Signal=TIM5_VS_ClockSourceINT
VP_TIM8_VS_ClockSourceINT.Mode=Internal
VP_TIM8_VS_ClockSourceINT.Signal=TIM8_VS_ClockSourceINT
VP_TIM8_VS_no_output4.Mode=PWM Generation4 No Output
VP_TIM8_VS_no_output4.Signal=TIM8_VS_no_output4
board=custom
